
Microsoft Visual Studio Solution File, Format Version 12.00
# Visual Studio Version 17
VisualStudioVersion = 17.8.34330.188
MinimumVisualStudioVersion = 10.0.40219.1
Project("{FAE04EC0-301F-11D3-BF4B-00C04F79EFBC}") = "FormBase", "FormBase\FormBase.csproj", "{594F2479-44F4-41A6-8E3D-758B7BA4959F}"
EndProject
Global
	GlobalSection(SolutionConfigurationPlatforms) = preSolution
		Debug|Any CPU = Debug|Any CPU
		Release|Any CPU = Release|Any CPU
	EndGlobalSection
	GlobalSection(ProjectConfigurationPlatforms) = postSolution
		{594F2479-44F4-41A6-8E3D-758B7BA4959F}.Debug|Any CPU.ActiveCfg = Debug|Any CPU
		{594F2479-44F4-41A6-8E3D-758B7BA4959F}.Debug|Any CPU.Build.0 = Debug|Any CPU
		{594F2479-44F4-41A6-8E3D-758B7BA4959F}.Release|Any CPU.ActiveCfg = Release|Any CPU
		{594F2479-44F4-41A6-8E3D-758B7BA4959F}.Release|Any CPU.Build.0 = Release|Any CPU
	EndGlobalSection
	GlobalSection(SolutionProperties) = preSolution
		HideSolutionNode = FALSE
	EndGlobalSection
	GlobalSection(ExtensibilityGlobals) = postSolution
		SolutionGuid = {A8D20F15-0742-4201-B504-BB30FC94E500}
	EndGlobalSection
EndGlobal
