
Microsoft Visual Studio Solution File, Format Version 12.00
# Visual Studio Version 17
VisualStudioVersion = 17.4.33403.182
MinimumVisualStudioVersion = 10.0.40219.1
Project("{FAE04EC0-301F-11D3-BF4B-00C04F79EFBC}") = "ASPNETCoreWebAppNone1", "ASPNETCoreWebAppNone1\ASPNETCoreWebAppNone1.csproj", "{DFBC1915-3E27-4BA6-940A-E4D88C691630}"
EndProject
Global
	GlobalSection(SolutionConfigurationPlatforms) = preSolution
		Debug|Any CPU = Debug|Any CPU
		Release|Any CPU = Release|Any CPU
	EndGlobalSection
	GlobalSection(ProjectConfigurationPlatforms) = postSolution
		{DFBC1915-3E27-4BA6-940A-E4D88C691630}.Debug|Any CPU.ActiveCfg = Debug|Any CPU
		{DFBC1915-3E27-4BA6-940A-E4D88C691630}.Debug|Any CPU.Build.0 = Debug|Any CPU
		{DFBC1915-3E27-4BA6-940A-E4D88C691630}.Release|Any CPU.ActiveCfg = Release|Any CPU
		{DFBC1915-3E27-4BA6-940A-E4D88C691630}.Release|Any CPU.Build.0 = Release|Any CPU
	EndGlobalSection
	GlobalSection(SolutionProperties) = preSolution
		HideSolutionNode = FALSE
	EndGlobalSection
	GlobalSection(ExtensibilityGlobals) = postSolution
		SolutionGuid = {F2F3B317-2267-4180-9E97-9BD134756440}
	EndGlobalSection
EndGlobal
