
Microsoft Visual Studio Solution File, Format Version 12.00
# Visual Studio Version 17
VisualStudioVersion = 17.6.33723.286
MinimumVisualStudioVersion = 10.0.40219.1
Project("{FAE04EC0-301F-11D3-BF4B-00C04F79EFBC}") = "FormBase", "FormBase\FormBase.csproj", "{35354E72-2508-4F18-922F-014DF104F849}"
EndProject
Global
	GlobalSection(SolutionConfigurationPlatforms) = preSolution
		Debug|Any CPU = Debug|Any CPU
		Release|Any CPU = Release|Any CPU
	EndGlobalSection
	GlobalSection(ProjectConfigurationPlatforms) = postSolution
		{35354E72-2508-4F18-922F-014DF104F849}.Debug|Any CPU.ActiveCfg = Debug|Any CPU
		{35354E72-2508-4F18-922F-014DF104F849}.Debug|Any CPU.Build.0 = Debug|Any CPU
		{35354E72-2508-4F18-922F-014DF104F849}.Release|Any CPU.ActiveCfg = Release|Any CPU
		{35354E72-2508-4F18-922F-014DF104F849}.Release|Any CPU.Build.0 = Release|Any CPU
	EndGlobalSection
	GlobalSection(SolutionProperties) = preSolution
		HideSolutionNode = FALSE
	EndGlobalSection
	GlobalSection(ExtensibilityGlobals) = postSolution
		SolutionGuid = {958ABEF5-B190-4ED6-A8FF-5102AFC38DD8}
	EndGlobalSection
EndGlobal
