
Microsoft Visual Studio Solution File, Format Version 12.00
# Visual Studio Version 17
VisualStudioVersion = 17.4.33403.182
MinimumVisualStudioVersion = 10.0.40219.1
Project("{FAE04EC0-301F-11D3-BF4B-00C04F79EFBC}") = "MassTransitDocker1", "MassTransitDocker1\MassTransitDocker1.csproj", "{A54FE1D2-D615-4BFF-8739-BB6A55C6AFC3}"
EndProject
Global
	GlobalSection(SolutionConfigurationPlatforms) = preSolution
		Debug|Any CPU = Debug|Any CPU
		Release|Any CPU = Release|Any CPU
	EndGlobalSection
	GlobalSection(ProjectConfigurationPlatforms) = postSolution
		{A54FE1D2-D615-4BFF-8739-BB6A55C6AFC3}.Debug|Any CPU.ActiveCfg = Debug|Any CPU
		{A54FE1D2-D615-4BFF-8739-BB6A55C6AFC3}.Debug|Any CPU.Build.0 = Debug|Any CPU
		{A54FE1D2-D615-4BFF-8739-BB6A55C6AFC3}.Release|Any CPU.ActiveCfg = Release|Any CPU
		{A54FE1D2-D615-4BFF-8739-BB6A55C6AFC3}.Release|Any CPU.Build.0 = Release|Any CPU
	EndGlobalSection
	GlobalSection(SolutionProperties) = preSolution
		HideSolutionNode = FALSE
	EndGlobalSection
	GlobalSection(ExtensibilityGlobals) = postSolution
		SolutionGuid = {E80DC489-843F-4B93-9900-EB68BE26B3E7}
	EndGlobalSection
EndGlobal
