
Microsoft Visual Studio Solution File, Format Version 12.00
# Visual Studio Version 17
VisualStudioVersion = 17.4.33403.182
MinimumVisualStudioVersion = 10.0.40219.1
Project("{9A19103F-16F7-4668-BE54-9A1E7A4F7556}") = "CustomIdentityProviderSample", "CustomIdentityProviderSample.csproj", "{C48AE1EE-E444-4EB4-AD11-1000EA80EA68}"
EndProject
Global
	GlobalSection(SolutionConfigurationPlatforms) = preSolution
		Debug|Any CPU = Debug|Any CPU
		Release|Any CPU = Release|Any CPU
	EndGlobalSection
	GlobalSection(ProjectConfigurationPlatforms) = postSolution
		{C48AE1EE-E444-4EB4-AD11-1000EA80EA68}.Debug|Any CPU.ActiveCfg = Debug|Any CPU
		{C48AE1EE-E444-4EB4-AD11-1000EA80EA68}.Debug|Any CPU.Build.0 = Debug|Any CPU
		{C48AE1EE-E444-4EB4-AD11-1000EA80EA68}.Release|Any CPU.ActiveCfg = Release|Any CPU
		{C48AE1EE-E444-4EB4-AD11-1000EA80EA68}.Release|Any CPU.Build.0 = Release|Any CPU
	EndGlobalSection
	GlobalSection(SolutionProperties) = preSolution
		HideSolutionNode = FALSE
	EndGlobalSection
	GlobalSection(ExtensibilityGlobals) = postSolution
		SolutionGuid = {35F4973E-688F-4105-95A2-0E16EB2AC7AF}
	EndGlobalSection
EndGlobal
