
Microsoft Visual Studio Solution File, Format Version 12.00
# Visual Studio Version 17
VisualStudioVersion = 17.4.33122.133
MinimumVisualStudioVersion = 10.0.40219.1
Project("{FAE04EC0-301F-11D3-BF4B-00C04F79EFBC}") = "SignalRChat", "SignalRChat\SignalRChat.csproj", "{4102946F-5E5A-4BE8-A5CB-A3D64DB98DB0}"
EndProject
Global
	GlobalSection(SolutionConfigurationPlatforms) = preSolution
		Debug|Any CPU = Debug|Any CPU
		Release|Any CPU = Release|Any CPU
	EndGlobalSection
	GlobalSection(ProjectConfigurationPlatforms) = postSolution
		{4102946F-5E5A-4BE8-A5CB-A3D64DB98DB0}.Debug|Any CPU.ActiveCfg = Debug|Any CPU
		{4102946F-5E5A-4BE8-A5CB-A3D64DB98DB0}.Debug|Any CPU.Build.0 = Debug|Any CPU
		{4102946F-5E5A-4BE8-A5CB-A3D64DB98DB0}.Release|Any CPU.ActiveCfg = Release|Any CPU
		{4102946F-5E5A-4BE8-A5CB-A3D64DB98DB0}.Release|Any CPU.Build.0 = Release|Any CPU
	EndGlobalSection
	GlobalSection(SolutionProperties) = preSolution
		HideSolutionNode = FALSE
	EndGlobalSection
	GlobalSection(ExtensibilityGlobals) = postSolution
		SolutionGuid = {A408A4F1-63F2-41C0-9C75-71C8D721BD87}
	EndGlobalSection
EndGlobal
