
Microsoft Visual Studio Solution File, Format Version 12.00
# Visual Studio Version 17
VisualStudioVersion = 17.6.33723.286
MinimumVisualStudioVersion = 10.0.40219.1
Project("{FAE04EC0-301F-11D3-BF4B-00C04F79EFBC}") = "ASPNETCoreWebAppMvcIA1", "ASPNETCoreWebAppMvcIA1\ASPNETCoreWebAppMvcIA1.csproj", "{E38C8091-AA5B-4400-9607-88923D3EE3CC}"
EndProject
Global
	GlobalSection(SolutionConfigurationPlatforms) = preSolution
		Debug|Any CPU = Debug|Any CPU
		Release|Any CPU = Release|Any CPU
	EndGlobalSection
	GlobalSection(ProjectConfigurationPlatforms) = postSolution
		{E38C8091-AA5B-4400-9607-88923D3EE3CC}.Debug|Any CPU.ActiveCfg = Debug|Any CPU
		{E38C8091-AA5B-4400-9607-88923D3EE3CC}.Debug|Any CPU.Build.0 = Debug|Any CPU
		{E38C8091-AA5B-4400-9607-88923D3EE3CC}.Release|Any CPU.ActiveCfg = Release|Any CPU
		{E38C8091-AA5B-4400-9607-88923D3EE3CC}.Release|Any CPU.Build.0 = Release|Any CPU
	EndGlobalSection
	GlobalSection(SolutionProperties) = preSolution
		HideSolutionNode = FALSE
	EndGlobalSection
	GlobalSection(ExtensibilityGlobals) = postSolution
		SolutionGuid = {9959B0D3-7CD4-40DC-874E-5C00AA56EB87}
	EndGlobalSection
EndGlobal
