
Microsoft Visual Studio Solution File, Format Version 12.00
# Visual Studio Version 17
VisualStudioVersion = 17.13.35931.197 d17.13
MinimumVisualStudioVersion = 10.0.40219.1
Project("{FAE04EC0-301F-11D3-BF4B-00C04F79EFBC}") = "WinFormsApp1", "WinFormsApp1\WinFormsApp1.csproj", "{0E8CF393-11FA-4BE9-88D3-1E5CD7D77091}"
EndProject
Global
	GlobalSection(SolutionConfigurationPlatforms) = preSolution
		Debug|Any CPU = Debug|Any CPU
		Release|Any CPU = Release|Any CPU
	EndGlobalSection
	GlobalSection(ProjectConfigurationPlatforms) = postSolution
		{0E8CF393-11FA-4BE9-88D3-1E5CD7D77091}.Debug|Any CPU.ActiveCfg = Debug|Any CPU
		{0E8CF393-11FA-4BE9-88D3-1E5CD7D77091}.Debug|Any CPU.Build.0 = Debug|Any CPU
		{0E8CF393-11FA-4BE9-88D3-1E5CD7D77091}.Release|Any CPU.ActiveCfg = Release|Any CPU
		{0E8CF393-11FA-4BE9-88D3-1E5CD7D77091}.Release|Any CPU.Build.0 = Release|Any CPU
	EndGlobalSection
	GlobalSection(SolutionProperties) = preSolution
		HideSolutionNode = FALSE
	EndGlobalSection
	GlobalSection(ExtensibilityGlobals) = postSolution
		SolutionGuid = {9CD9E326-6D58-4BC8-AFCE-2AB8E1244E36}
	EndGlobalSection
EndGlobal
