
Microsoft Visual Studio Solution File, Format Version 12.00
# Visual Studio Version 17
VisualStudioVersion = 17.6.33723.286
MinimumVisualStudioVersion = 10.0.40219.1
Project("{FAE04EC0-301F-11D3-BF4B-00C04F79EFBC}") = "ASPNETCoreWebAppMvcIAScaffolder1", "ASPNETCoreWebAppMvcIAScaffolder1\ASPNETCoreWebAppMvcIAScaffolder1.csproj", "{A748CDCC-5C37-468A-9421-B1AC33905302}"
EndProject
Global
	GlobalSection(SolutionConfigurationPlatforms) = preSolution
		Debug|Any CPU = Debug|Any CPU
		Release|Any CPU = Release|Any CPU
	EndGlobalSection
	GlobalSection(ProjectConfigurationPlatforms) = postSolution
		{A748CDCC-5C37-468A-9421-B1AC33905302}.Debug|Any CPU.ActiveCfg = Debug|Any CPU
		{A748CDCC-5C37-468A-9421-B1AC33905302}.Debug|Any CPU.Build.0 = Debug|Any CPU
		{A748CDCC-5C37-468A-9421-B1AC33905302}.Release|Any CPU.ActiveCfg = Release|Any CPU
		{A748CDCC-5C37-468A-9421-B1AC33905302}.Release|Any CPU.Build.0 = Release|Any CPU
	EndGlobalSection
	GlobalSection(SolutionProperties) = preSolution
		HideSolutionNode = FALSE
	EndGlobalSection
	GlobalSection(ExtensibilityGlobals) = postSolution
		SolutionGuid = {DABB5E20-1E80-461D-B93D-E57A2240EB4A}
	EndGlobalSection
EndGlobal
